
Microsoft Visual Studio Solution File, Format Version 12.00
# Visual Studio Version 17
VisualStudioVersion = 17.12.35527.113 d17.12
MinimumVisualStudioVersion = 10.0.40219.1
Project("{FAE04EC0-301F-11D3-BF4B-00C04F79EFBC}") = "Presentation", "Presentation\Presentation.csproj", "{7DD664F9-EDAE-4507-B260-392C8B3A3982}"
EndProject
Project("{FAE04EC0-301F-11D3-BF4B-00C04F79EFBC}") = "BusinessLogic", "BusinessLogic\BusinessLogic.csproj", "{2EE734FF-DB49-4621-B102-27753ECF926F}"
EndProject
Project("{FAE04EC0-301F-11D3-BF4B-00C04F79EFBC}") = "DataAccess", "DataAccess\DataAccess.csproj", "{DBA6CA8A-097D-418B-8B53-DDBB12086B29}"
EndProject
Global
	GlobalSection(SolutionConfigurationPlatforms) = preSolution
		Debug|Any CPU = Debug|Any CPU
		Release|Any CPU = Release|Any CPU
	EndGlobalSection
	GlobalSection(ProjectConfigurationPlatforms) = postSolution
		{7DD664F9-EDAE-4507-B260-392C8B3A3982}.Debug|Any CPU.ActiveCfg = Debug|Any CPU
		{7DD664F9-EDAE-4507-B260-392C8B3A3982}.Debug|Any CPU.Build.0 = Debug|Any CPU
		{7DD664F9-EDAE-4507-B260-392C8B3A3982}.Release|Any CPU.ActiveCfg = Release|Any CPU
		{7DD664F9-EDAE-4507-B260-392C8B3A3982}.Release|Any CPU.Build.0 = Release|Any CPU
		{2EE734FF-DB49-4621-B102-27753ECF926F}.Debug|Any CPU.ActiveCfg = Debug|Any CPU
		{2EE734FF-DB49-4621-B102-27753ECF926F}.Debug|Any CPU.Build.0 = Debug|Any CPU
		{2EE734FF-DB49-4621-B102-27753ECF926F}.Release|Any CPU.ActiveCfg = Release|Any CPU
		{2EE734FF-DB49-4621-B102-27753ECF926F}.Release|Any CPU.Build.0 = Release|Any CPU
		{DBA6CA8A-097D-418B-8B53-DDBB12086B29}.Debug|Any CPU.ActiveCfg = Debug|Any CPU
		{DBA6CA8A-097D-418B-8B53-DDBB12086B29}.Debug|Any CPU.Build.0 = Debug|Any CPU
		{DBA6CA8A-097D-418B-8B53-DDBB12086B29}.Release|Any CPU.ActiveCfg = Release|Any CPU
		{DBA6CA8A-097D-418B-8B53-DDBB12086B29}.Release|Any CPU.Build.0 = Release|Any CPU
	EndGlobalSection
	GlobalSection(SolutionProperties) = preSolution
		HideSolutionNode = FALSE
	EndGlobalSection
EndGlobal
